# This file is autogenerated, do not edit; changes may be undone by the next 'dep ensure'.


[[projects]]
  branch = "master"
  name = "github.com/bank-now/bn-common-io"
  packages = [
    "queues/pub",
    "rest",
    "util",
    "zipkin"
  ]
  revision = "b6135b4c4fcc64579a9eba513e94399c06f5ad13"

[[projects]]
  branch = "master"
  name = "github.com/bank-now/bn-common-model"
  packages = ["common/operation"]
  revision = "df6e7ad1444f4cc5f3e225934499a62e50e2e484"

[[projects]]
  name = "github.com/golang-plus/errors"
  packages = ["."]
  revision = "a61c34ead85085f3e1b87b8c04e49bbf60c99fb1"
  version = "v1.0.0"

[[projects]]
  name = "github.com/golang-plus/uuid"
  packages = [
    ".",
    "internal",
    "internal/dcesecurity",
    "internal/namebased",
    "internal/namebased/md5",
    "internal/namebased/sha1",
    "internal/random",
    "internal/timebased"
  ]
  revision = "a0510c37ef1f49c8290c3a9911d0f7f9ed24d335"
  version = "v1.0.0"

[[projects]]
  branch = "master"
  name = "github.com/golang/snappy"
  packages = ["."]
  revision = "2e65f85255dbc3072edf28d6b5b8efc472979f5a"

[[projects]]
  name = "github.com/google/uuid"
  packages = ["."]
  revision = "d460ce9f8df2e77fb1ba55ca87fafed96c607494"
  version = "v1.0.0"

[[projects]]
  name = "github.com/nsqio/go-nsq"
  packages = ["."]
  revision = "eee57a3ac4174c55924125bb15eeeda8cffb6e6f"
  version = "v1.0.7"

[[projects]]
  name = "github.com/openzipkin/zipkin-go"
  packages = [
    ".",
    "idgenerator",
    "model",
    "propagation",
    "reporter",
    "reporter/http"
  ]
  revision = "70244c9703277c13566aac289c530a1143b14cf5"
  version = "v0.1.2"

[solve-meta]
  analyzer-name = "dep"
  analyzer-version = 1
  inputs-digest = "7fbcc72fdcdc4ee864a6d909912c5832ecfce7f87a084c7fd33a6ab97f8632b7"
  solver-name = "gps-cdcl"
  solver-version = 1
